
Microsoft Visual Studio Solution File, Format Version 12.00
# Visual Studio 2013
VisualStudioVersion = 12.0.21005.1
MinimumVisualStudioVersion = 10.0.40219.1
Project("{8BC9CEB8-8B4A-11D0-8D11-00A0C91BC942}") = "server_nha", "server_nha\server_nha.vcxproj", "{DEBBD283-F8F7-46FF-92FA-0674F9D9D3AB}"
EndProject
Project("{8BC9CEB8-8B4A-11D0-8D11-00A0C91BC942}") = "Project1", "Project1\Project1.vcxproj", "{0F57D829-02D0-419C-8468-6310D2ED8559}"
EndProject
Global
	GlobalSection(SolutionConfigurationPlatforms) = preSolution
		Debug|Win32 = Debug|Win32
		Release|Win32 = Release|Win32
	EndGlobalSection
	GlobalSection(ProjectConfigurationPlatforms) = postSolution
		{DEBBD283-F8F7-46FF-92FA-0674F9D9D3AB}.Debug|Win32.ActiveCfg = Debug|Win32
		{DEBBD283-F8F7-46FF-92FA-0674F9D9D3AB}.Debug|Win32.Build.0 = Debug|Win32
		{DEBBD283-F8F7-46FF-92FA-0674F9D9D3AB}.Release|Win32.ActiveCfg = Release|Win32
		{DEBBD283-F8F7-46FF-92FA-0674F9D9D3AB}.Release|Win32.Build.0 = Release|Win32
		{0F57D829-02D0-419C-8468-6310D2ED8559}.Debug|Win32.ActiveCfg = Debug|Win32
		{0F57D829-02D0-419C-8468-6310D2ED8559}.Debug|Win32.Build.0 = Debug|Win32
		{0F57D829-02D0-419C-8468-6310D2ED8559}.Release|Win32.ActiveCfg = Release|Win32
		{0F57D829-02D0-419C-8468-6310D2ED8559}.Release|Win32.Build.0 = Release|Win32
	EndGlobalSection
	GlobalSection(SolutionProperties) = preSolution
		HideSolutionNode = FALSE
	EndGlobalSection
EndGlobal
